
Microsoft Visual Studio Solution File, Format Version 12.00
# Visual Studio Version 16
VisualStudioVersion = 16.0.30523.141
MinimumVisualStudioVersion = 10.0.40219.1
Project("{FAE04EC0-301F-11D3-BF4B-00C04F79EFBC}") = "PortalDenuncia", "PortalDenuncia.csproj", "{1C7B04C2-EA57-4376-937C-3014B0A0496C}"
EndProject
Project("{FAE04EC0-301F-11D3-BF4B-00C04F79EFBC}") = "UnitDenunciaTest1", "..\UnitDenunciaTest1\UnitDenunciaTest1.csproj", "{ACA7DC58-5EB4-4F26-9851-AA2AB6EE2840}"
EndProject
Global
	GlobalSection(SolutionConfigurationPlatforms) = preSolution
		Debug|Any CPU = Debug|Any CPU
		Release|Any CPU = Release|Any CPU
	EndGlobalSection
	GlobalSection(ProjectConfigurationPlatforms) = postSolution
		{1C7B04C2-EA57-4376-937C-3014B0A0496C}.Debug|Any CPU.ActiveCfg = Debug|Any CPU
		{1C7B04C2-EA57-4376-937C-3014B0A0496C}.Debug|Any CPU.Build.0 = Debug|Any CPU
		{1C7B04C2-EA57-4376-937C-3014B0A0496C}.Release|Any CPU.ActiveCfg = Release|Any CPU
		{1C7B04C2-EA57-4376-937C-3014B0A0496C}.Release|Any CPU.Build.0 = Release|Any CPU
		{ACA7DC58-5EB4-4F26-9851-AA2AB6EE2840}.Debug|Any CPU.ActiveCfg = Debug|Any CPU
		{ACA7DC58-5EB4-4F26-9851-AA2AB6EE2840}.Debug|Any CPU.Build.0 = Debug|Any CPU
		{ACA7DC58-5EB4-4F26-9851-AA2AB6EE2840}.Release|Any CPU.ActiveCfg = Release|Any CPU
		{ACA7DC58-5EB4-4F26-9851-AA2AB6EE2840}.Release|Any CPU.Build.0 = Release|Any CPU
	EndGlobalSection
	GlobalSection(SolutionProperties) = preSolution
		HideSolutionNode = FALSE
	EndGlobalSection
	GlobalSection(ExtensibilityGlobals) = postSolution
		SolutionGuid = {12FA9FD8-EB15-4AF8-BE54-01A04F5808C0}
	EndGlobalSection
EndGlobal
